
Microsoft Visual Studio Solution File, Format Version 12.00
# Visual Studio 15
VisualStudioVersion = 15.0.28307.757
MinimumVisualStudioVersion = 10.0.40219.1
Project("{FAE04EC0-301F-11D3-BF4B-00C04F79EFBC}") = "select_service_us_canada", "select_service_us_canada\select_service_us_canada.csproj", "{43BB9831-6E23-46DF-8BD5-1BD002296CCB}"
EndProject
Global
	GlobalSection(SolutionConfigurationPlatforms) = preSolution
		Debug|Any CPU = Debug|Any CPU
		Release|Any CPU = Release|Any CPU
	EndGlobalSection
	GlobalSection(ProjectConfigurationPlatforms) = postSolution
		{43BB9831-6E23-46DF-8BD5-1BD002296CCB}.Debug|Any CPU.ActiveCfg = Debug|Any CPU
		{43BB9831-6E23-46DF-8BD5-1BD002296CCB}.Debug|Any CPU.Build.0 = Debug|Any CPU
		{43BB9831-6E23-46DF-8BD5-1BD002296CCB}.Release|Any CPU.ActiveCfg = Release|Any CPU
		{43BB9831-6E23-46DF-8BD5-1BD002296CCB}.Release|Any CPU.Build.0 = Release|Any CPU
	EndGlobalSection
	GlobalSection(SolutionProperties) = preSolution
		HideSolutionNode = FALSE
	EndGlobalSection
	GlobalSection(ExtensibilityGlobals) = postSolution
		SolutionGuid = {0391E809-DF67-4129-B3B7-323126FEABEF}
	EndGlobalSection
EndGlobal
