
Microsoft Visual Studio Solution File, Format Version 12.00
# Visual Studio Version 16
VisualStudioVersion = 16.0.31205.134
MinimumVisualStudioVersion = 10.0.40219.1
Project("{FAE04EC0-301F-11D3-BF4B-00C04F79EFBC}") = "Setupenvtest1", "Setupenvtest1\Setupenvtest1.csproj", "{F50191E3-2119-45C6-BAD6-493C512CFA0B}"
EndProject
Global
	GlobalSection(SolutionConfigurationPlatforms) = preSolution
		Debug|Any CPU = Debug|Any CPU
		Release|Any CPU = Release|Any CPU
	EndGlobalSection
	GlobalSection(ProjectConfigurationPlatforms) = postSolution
		{F50191E3-2119-45C6-BAD6-493C512CFA0B}.Debug|Any CPU.ActiveCfg = Debug|Any CPU
		{F50191E3-2119-45C6-BAD6-493C512CFA0B}.Debug|Any CPU.Build.0 = Debug|Any CPU
		{F50191E3-2119-45C6-BAD6-493C512CFA0B}.Release|Any CPU.ActiveCfg = Release|Any CPU
		{F50191E3-2119-45C6-BAD6-493C512CFA0B}.Release|Any CPU.Build.0 = Release|Any CPU
	EndGlobalSection
	GlobalSection(SolutionProperties) = preSolution
		HideSolutionNode = FALSE
	EndGlobalSection
	GlobalSection(ExtensibilityGlobals) = postSolution
		SolutionGuid = {BA8DEB5C-9BC5-4DB9-8BE2-21CA998AFA5F}
	EndGlobalSection
EndGlobal
