
Microsoft Visual Studio Solution File, Format Version 12.00
# Visual Studio Version 16
VisualStudioVersion = 16.0.29728.190
MinimumVisualStudioVersion = 10.0.40219.1
Project("{FAE04EC0-301F-11D3-BF4B-00C04F79EFBC}") = "Safeguard", "Safeguard\Safeguard.csproj", "{ED4EA4E3-4CFA-438B-9C37-DC69C818F239}"
EndProject
Global
	GlobalSection(SolutionConfigurationPlatforms) = preSolution
		Debug|Any CPU = Debug|Any CPU
		Release|Any CPU = Release|Any CPU
	EndGlobalSection
	GlobalSection(ProjectConfigurationPlatforms) = postSolution
		{ED4EA4E3-4CFA-438B-9C37-DC69C818F239}.Debug|Any CPU.ActiveCfg = Debug|Any CPU
		{ED4EA4E3-4CFA-438B-9C37-DC69C818F239}.Debug|Any CPU.Build.0 = Debug|Any CPU
		{ED4EA4E3-4CFA-438B-9C37-DC69C818F239}.Release|Any CPU.ActiveCfg = Release|Any CPU
		{ED4EA4E3-4CFA-438B-9C37-DC69C818F239}.Release|Any CPU.Build.0 = Release|Any CPU
	EndGlobalSection
	GlobalSection(SolutionProperties) = preSolution
		HideSolutionNode = FALSE
	EndGlobalSection
	GlobalSection(ExtensibilityGlobals) = postSolution
		SolutionGuid = {1660FA88-783B-4483-B836-320A274E6307}
	EndGlobalSection
EndGlobal
