
Microsoft Visual Studio Solution File, Format Version 12.00
# Visual Studio Version 16
VisualStudioVersion = 16.0.31205.134
MinimumVisualStudioVersion = 10.0.40219.1
Project("{FAE04EC0-301F-11D3-BF4B-00C04F79EFBC}") = "newproj", "newproj\newproj.csproj", "{2DA40401-7100-49F2-B9E8-CEBE567FA04A}"
EndProject
Global
	GlobalSection(SolutionConfigurationPlatforms) = preSolution
		Debug|Any CPU = Debug|Any CPU
		Release|Any CPU = Release|Any CPU
	EndGlobalSection
	GlobalSection(ProjectConfigurationPlatforms) = postSolution
		{2DA40401-7100-49F2-B9E8-CEBE567FA04A}.Debug|Any CPU.ActiveCfg = Debug|Any CPU
		{2DA40401-7100-49F2-B9E8-CEBE567FA04A}.Debug|Any CPU.Build.0 = Debug|Any CPU
		{2DA40401-7100-49F2-B9E8-CEBE567FA04A}.Release|Any CPU.ActiveCfg = Release|Any CPU
		{2DA40401-7100-49F2-B9E8-CEBE567FA04A}.Release|Any CPU.Build.0 = Release|Any CPU
	EndGlobalSection
	GlobalSection(SolutionProperties) = preSolution
		HideSolutionNode = FALSE
	EndGlobalSection
	GlobalSection(ExtensibilityGlobals) = postSolution
		SolutionGuid = {A69CC460-9CB2-43BC-AB48-668E531F1CC5}
	EndGlobalSection
EndGlobal
