
Microsoft Visual Studio Solution File, Format Version 12.00
# Visual Studio 15
VisualStudioVersion = 15.0.28307.1525
MinimumVisualStudioVersion = 10.0.40219.1
Project("{FAE04EC0-301F-11D3-BF4B-00C04F79EFBC}") = "SelectFrance", "SelectFrance\SelectFrance.csproj", "{D667AE20-F8BF-40DF-BF72-2D162DAAA8A1}"
EndProject
Global
	GlobalSection(SolutionConfigurationPlatforms) = preSolution
		Debug|Any CPU = Debug|Any CPU
		Release|Any CPU = Release|Any CPU
	EndGlobalSection
	GlobalSection(ProjectConfigurationPlatforms) = postSolution
		{D667AE20-F8BF-40DF-BF72-2D162DAAA8A1}.Debug|Any CPU.ActiveCfg = Debug|Any CPU
		{D667AE20-F8BF-40DF-BF72-2D162DAAA8A1}.Debug|Any CPU.Build.0 = Debug|Any CPU
		{D667AE20-F8BF-40DF-BF72-2D162DAAA8A1}.Release|Any CPU.ActiveCfg = Release|Any CPU
		{D667AE20-F8BF-40DF-BF72-2D162DAAA8A1}.Release|Any CPU.Build.0 = Release|Any CPU
	EndGlobalSection
	GlobalSection(SolutionProperties) = preSolution
		HideSolutionNode = FALSE
	EndGlobalSection
	GlobalSection(ExtensibilityGlobals) = postSolution
		SolutionGuid = {7E5E56F5-61A3-465C-80FA-A665D076F07D}
	EndGlobalSection
EndGlobal
